// !$*UTF8*$!
{
	archiveVersion = 1;
	classes = {
	};
	objectVersion = 77;
	objects = {

/* Begin PBXContainerItemProxy section */
		18F809102CA37BBD0094D58F /* PBXContainerItemProxy */ = {
			isa = PBXContainerItemProxy;
			containerPortal = 18F808EC2CA37BBC0094D58F /* Project object */;
			proxyType = 1;
			remoteGlobalIDString = 18F808F32CA37BBC0094D58F;
			remoteInfo = TheMovieDB;
		};
		18F8091A2CA37BBD0094D58F /* PBXContainerItemProxy */ = {
			isa = PBXContainerItemProxy;
			containerPortal = 18F808EC2CA37BBC0094D58F /* Project object */;
			proxyType = 1;
			remoteGlobalIDString = 18F808F32CA37BBC0094D58F;
			remoteInfo = TheMovieDB;
		};
/* End PBXContainerItemProxy section */

/* Begin PBXFileReference section */
		18F808F42CA37BBC0094D58F /* TheMovieDB.app */ = {isa = PBXFileReference; explicitFileType = wrapper.application; includeInIndex = 0; path = TheMovieDB.app; sourceTree = BUILT_PRODUCTS_DIR; };
		18F8090F2CA37BBD0094D58F /* TheMovieDBTests.xctest */ = {isa = PBXFileReference; explicitFileType = wrapper.cfbundle; includeInIndex = 0; path = TheMovieDBTests.xctest; sourceTree = BUILT_PRODUCTS_DIR; };
		18F809192CA37BBD0094D58F /* TheMovieDBUITests.xctest */ = {isa = PBXFileReference; explicitFileType = wrapper.cfbundle; includeInIndex = 0; path = TheMovieDBUITests.xctest; sourceTree = BUILT_PRODUCTS_DIR; };
/* End PBXFileReference section */

/* Begin PBXFileSystemSynchronizedBuildFileExceptionSet section */
		18F809212CA37BBD0094D58F /* Exceptions for "TheMovieDB" folder in "TheMovieDB" target */ = {
			isa = PBXFileSystemSynchronizedBuildFileExceptionSet;
			membershipExceptions = (
				Info.plist,
			);
			target = 18F808F32CA37BBC0094D58F /* TheMovieDB */;
		};
		18F809362CA37FE20094D58F /* Exceptions for "TheMovieDB" folder in "TheMovieDBTests" target */ = {
			isa = PBXFileSystemSynchronizedBuildFileExceptionSet;
			membershipExceptions = (
				DetailsView/Model/ActorModel/Actor.m,
				DetailsView/Model/CreatorModel/Creator.m,
				DetailsView/Model/CrewMemeber/CrewMember.m,
				DetailsView/Model/EpisodeModel/Episode.m,
				DetailsView/Model/GenreModel/Genre.m,
				DetailsView/Model/MovieDetails/MovieDetails.m,
				DetailsView/Model/NetworkModel/NetworkModel.m,
				DetailsView/Model/ProductionCompanyModel/ProductionCompany.m,
				DetailsView/Model/ProductionCountryModel/ProductionCountry.m,
				DetailsView/Model/SeasonModel/Season.m,
				DetailsView/Model/ShowDetail/ShowDetail.m,
				DetailsView/Model/SpokenLanguageModel/SpokenLanguage.m,
				DetailsView/Model/TVSerieDetails/TvSerie.m,
				DetailsView/SubViews/RoundedCellView/RoundedCollectionViewCell.m,
				DetailsView/SubViews/RoundedCellView/RoundedCollectionViewCell.xib,
				"DetailsView/View-Model/DetailViewModel.m",
				DetailsView/View/DetailShowViewController.m,
				DetailsView/View/DetailShowViewController.xib,
				LoginView/Managers/RetrieveFilePathManager.m,
				LoginView/Model/User.m,
				LoginView/SubViews/MovieDBInitialView/MovieDBSquareAndTile.m,
				LoginView/SubViews/MovieDBInitialView/MovieDBSquareAndTile.xib,
				"LoginView/View-Model/LoginViewModel.m",
				TvShowsView/Model/DatesModel/DatesModel.m,
				TvShowsView/Model/TvShowsModel.m,
				"TvShowsView/View-Model/TvShow/TvShowsViewModel.m",
				TvShowsView/View/TvShowsViewController.m,
				TvShowsView/View/TvShowsViewController.xib,
				UsersToRetrieve.json,
				"Utils/Categories/DecoderFromArray/NSArray+JSONArrayDecoder.m",
				"Utils/Categories/DecoderFromDictionary/NSDictionary+JSONDictionaryDecoder.m",
				"Utils/Categories/FormatersCategory/NSString+DateFormatter.m",
				"Utils/Categories/ParserCategory/NSData+ParseDataToObject.m",
				"Utils/Categories/RoundedFiguresCategory/NSNumber+RoundFigures.m",
				Utils/Constants/Constants.m,
				Utils/ImagesEndpoint/ImagesEndpoint.m,
				Utils/ImagesEndpoint/PostersObject.m,
				Utils/PopularEndpoint/TvShowsPopularModel.m,
				Utils/URLGeneratorClasses/CastURL/CastURLGenerator.m,
				Utils/URLGeneratorClasses/FilterURLGenerator/FilterURLGenerator.m,
				Utils/URLGeneratorClasses/GenerateDetailsURL/GenerateURLDetails.m,
				Utils/URLGeneratorClasses/RetrieveImageURL/RetrieveURLImages.m,
				Utils/URLGeneratorClasses/SelectedEntertainmentURL/SelectedEntertainmentURLGenerator.m,
				Utils/ViewComponents/SelectView/SelectOptionView.m,
				Utils/ViewComponents/SelectView/SelectOptionView.xib,
			);
			target = 18F8090E2CA37BBD0094D58F /* TheMovieDBTests */;
		};
/* End PBXFileSystemSynchronizedBuildFileExceptionSet section */

/* Begin PBXFileSystemSynchronizedRootGroup section */
		18F808F62CA37BBC0094D58F /* TheMovieDB */ = {
			isa = PBXFileSystemSynchronizedRootGroup;
			exceptions = (
				18F809212CA37BBD0094D58F /* Exceptions for "TheMovieDB" folder in "TheMovieDB" target */,
				18F809362CA37FE20094D58F /* Exceptions for "TheMovieDB" folder in "TheMovieDBTests" target */,
			);
			path = TheMovieDB;
			sourceTree = "<group>";
		};
		18F809122CA37BBD0094D58F /* TheMovieDBTests */ = {
			isa = PBXFileSystemSynchronizedRootGroup;
			path = TheMovieDBTests;
			sourceTree = "<group>";
		};
		18F8091C2CA37BBD0094D58F /* TheMovieDBUITests */ = {
			isa = PBXFileSystemSynchronizedRootGroup;
			path = TheMovieDBUITests;
			sourceTree = "<group>";
		};
/* End PBXFileSystemSynchronizedRootGroup section */

/* Begin PBXFrameworksBuildPhase section */
		18F808F12CA37BBC0094D58F /* Frameworks */ = {
			isa = PBXFrameworksBuildPhase;
			buildActionMask = 2147483647;
			files = (
			);
			runOnlyForDeploymentPostprocessing = 0;
		};
		18F8090C2CA37BBD0094D58F /* Frameworks */ = {
			isa = PBXFrameworksBuildPhase;
			buildActionMask = 2147483647;
			files = (
			);
			runOnlyForDeploymentPostprocessing = 0;
		};
		18F809162CA37BBD0094D58F /* Frameworks */ = {
			isa = PBXFrameworksBuildPhase;
			buildActionMask = 2147483647;
			files = (
			);
			runOnlyForDeploymentPostprocessing = 0;
		};
/* End PBXFrameworksBuildPhase section */

/* Begin PBXGroup section */
		18F808EB2CA37BBC0094D58F = {
			isa = PBXGroup;
			children = (
				18F808F62CA37BBC0094D58F /* TheMovieDB */,
				18F809122CA37BBD0094D58F /* TheMovieDBTests */,
				18F8091C2CA37BBD0094D58F /* TheMovieDBUITests */,
				18F808F52CA37BBC0094D58F /* Products */,
			);
			sourceTree = "<group>";
		};
		18F808F52CA37BBC0094D58F /* Products */ = {
			isa = PBXGroup;
			children = (
				18F808F42CA37BBC0094D58F /* TheMovieDB.app */,
				18F8090F2CA37BBD0094D58F /* TheMovieDBTests.xctest */,
				18F809192CA37BBD0094D58F /* TheMovieDBUITests.xctest */,
			);
			name = Products;
			sourceTree = "<group>";
		};
/* End PBXGroup section */

/* Begin PBXNativeTarget section */
		18F808F32CA37BBC0094D58F /* TheMovieDB */ = {
			isa = PBXNativeTarget;
			buildConfigurationList = 18F809222CA37BBD0094D58F /* Build configuration list for PBXNativeTarget "TheMovieDB" */;
			buildPhases = (
				18F808F02CA37BBC0094D58F /* Sources */,
				18F808F12CA37BBC0094D58F /* Frameworks */,
				18F808F22CA37BBC0094D58F /* Resources */,
			);
			buildRules = (
			);
			dependencies = (
			);
			fileSystemSynchronizedGroups = (
				18F808F62CA37BBC0094D58F /* TheMovieDB */,
			);
			name = TheMovieDB;
			packageProductDependencies = (
			);
			productName = TheMovieDB;
			productReference = 18F808F42CA37BBC0094D58F /* TheMovieDB.app */;
			productType = "com.apple.product-type.application";
		};
		18F8090E2CA37BBD0094D58F /* TheMovieDBTests */ = {
			isa = PBXNativeTarget;
			buildConfigurationList = 18F809272CA37BBD0094D58F /* Build configuration list for PBXNativeTarget "TheMovieDBTests" */;
			buildPhases = (
				18F8090B2CA37BBD0094D58F /* Sources */,
				18F8090C2CA37BBD0094D58F /* Frameworks */,
				18F8090D2CA37BBD0094D58F /* Resources */,
			);
			buildRules = (
			);
			dependencies = (
				18F809112CA37BBD0094D58F /* PBXTargetDependency */,
			);
			fileSystemSynchronizedGroups = (
				18F809122CA37BBD0094D58F /* TheMovieDBTests */,
			);
			name = TheMovieDBTests;
			packageProductDependencies = (
			);
			productName = TheMovieDBTests;
			productReference = 18F8090F2CA37BBD0094D58F /* TheMovieDBTests.xctest */;
			productType = "com.apple.product-type.bundle.unit-test";
		};
		18F809182CA37BBD0094D58F /* TheMovieDBUITests */ = {
			isa = PBXNativeTarget;
			buildConfigurationList = 18F8092A2CA37BBD0094D58F /* Build configuration list for PBXNativeTarget "TheMovieDBUITests" */;
			buildPhases = (
				18F809152CA37BBD0094D58F /* Sources */,
				18F809162CA37BBD0094D58F /* Frameworks */,
				18F809172CA37BBD0094D58F /* Resources */,
			);
			buildRules = (
			);
			dependencies = (
				18F8091B2CA37BBD0094D58F /* PBXTargetDependency */,
			);
			fileSystemSynchronizedGroups = (
				18F8091C2CA37BBD0094D58F /* TheMovieDBUITests */,
			);
			name = TheMovieDBUITests;
			packageProductDependencies = (
			);
			productName = TheMovieDBUITests;
			productReference = 18F809192CA37BBD0094D58F /* TheMovieDBUITests.xctest */;
			productType = "com.apple.product-type.bundle.ui-testing";
		};
/* End PBXNativeTarget section */

/* Begin PBXProject section */
		18F808EC2CA37BBC0094D58F /* Project object */ = {
			isa = PBXProject;
			attributes = {
				BuildIndependentTargetsInParallel = 1;
				LastUpgradeCheck = 1600;
				TargetAttributes = {
					18F808F32CA37BBC0094D58F = {
						CreatedOnToolsVersion = 16.0;
						LastSwiftMigration = 1600;
					};
					18F8090E2CA37BBD0094D58F = {
						CreatedOnToolsVersion = 16.0;
						TestTargetID = 18F808F32CA37BBC0094D58F;
					};
					18F809182CA37BBD0094D58F = {
						CreatedOnToolsVersion = 16.0;
						TestTargetID = 18F808F32CA37BBC0094D58F;
					};
				};
			};
			buildConfigurationList = 18F808EF2CA37BBC0094D58F /* Build configuration list for PBXProject "TheMovieDB" */;
			developmentRegion = en;
			hasScannedForEncodings = 0;
			knownRegions = (
				en,
				Base,
			);
			mainGroup = 18F808EB2CA37BBC0094D58F;
			minimizedProjectReferenceProxies = 1;
			preferredProjectObjectVersion = 77;
			productRefGroup = 18F808F52CA37BBC0094D58F /* Products */;
			projectDirPath = "";
			projectRoot = "";
			targets = (
				18F808F32CA37BBC0094D58F /* TheMovieDB */,
				18F8090E2CA37BBD0094D58F /* TheMovieDBTests */,
				18F809182CA37BBD0094D58F /* TheMovieDBUITests */,
			);
		};
/* End PBXProject section */

/* Begin PBXResourcesBuildPhase section */
		18F808F22CA37BBC0094D58F /* Resources */ = {
			isa = PBXResourcesBuildPhase;
			buildActionMask = 2147483647;
			files = (
			);
			runOnlyForDeploymentPostprocessing = 0;
		};
		18F8090D2CA37BBD0094D58F /* Resources */ = {
			isa = PBXResourcesBuildPhase;
			buildActionMask = 2147483647;
			files = (
			);
			runOnlyForDeploymentPostprocessing = 0;
		};
		18F809172CA37BBD0094D58F /* Resources */ = {
			isa = PBXResourcesBuildPhase;
			buildActionMask = 2147483647;
			files = (
			);
			runOnlyForDeploymentPostprocessing = 0;
		};
/* End PBXResourcesBuildPhase section */

/* Begin PBXSourcesBuildPhase section */
		18F808F02CA37BBC0094D58F /* Sources */ = {
			isa = PBXSourcesBuildPhase;
			buildActionMask = 2147483647;
			files = (
			);
			runOnlyForDeploymentPostprocessing = 0;
		};
		18F8090B2CA37BBD0094D58F /* Sources */ = {
			isa = PBXSourcesBuildPhase;
			buildActionMask = 2147483647;
			files = (
			);
			runOnlyForDeploymentPostprocessing = 0;
		};
		18F809152CA37BBD0094D58F /* Sources */ = {
			isa = PBXSourcesBuildPhase;
			buildActionMask = 2147483647;
			files = (
			);
			runOnlyForDeploymentPostprocessing = 0;
		};
/* End PBXSourcesBuildPhase section */

/* Begin PBXTargetDependency section */
		18F809112CA37BBD0094D58F /* PBXTargetDependency */ = {
			isa = PBXTargetDependency;
			target = 18F808F32CA37BBC0094D58F /* TheMovieDB */;
			targetProxy = 18F809102CA37BBD0094D58F /* PBXContainerItemProxy */;
		};
		18F8091B2CA37BBD0094D58F /* PBXTargetDependency */ = {
			isa = PBXTargetDependency;
			target = 18F808F32CA37BBC0094D58F /* TheMovieDB */;
			targetProxy = 18F8091A2CA37BBD0094D58F /* PBXContainerItemProxy */;
		};
/* End PBXTargetDependency section */

/* Begin XCBuildConfiguration section */
		18F809232CA37BBD0094D58F /* Debug */ = {
			isa = XCBuildConfiguration;
			buildSettings = {
				ASSETCATALOG_COMPILER_APPICON_NAME = AppIcon;
				ASSETCATALOG_COMPILER_GLOBAL_ACCENT_COLOR_NAME = AccentColor;
				CLANG_ENABLE_MODULES = YES;
				CODE_SIGN_STYLE = Automatic;
				CURRENT_PROJECT_VERSION = 1;
				DEVELOPMENT_TEAM = J58ZDFPQ77;
				GENERATE_INFOPLIST_FILE = YES;
				INFOPLIST_FILE = TheMovieDB/Info.plist;
				INFOPLIST_KEY_UIApplicationSupportsIndirectInputEvents = YES;
				INFOPLIST_KEY_UILaunchStoryboardName = LaunchScreen;
				INFOPLIST_KEY_UIMainStoryboardFile = Main;
				INFOPLIST_KEY_UISupportedInterfaceOrientations_iPad = "UIInterfaceOrientationPortrait UIInterfaceOrientationPortraitUpsideDown UIInterfaceOrientationLandscapeLeft UIInterfaceOrientationLandscapeRight";
				INFOPLIST_KEY_UISupportedInterfaceOrientations_iPhone = "UIInterfaceOrientationPortrait UIInterfaceOrientationLandscapeLeft UIInterfaceOrientationLandscapeRight";
				LD_RUNPATH_SEARCH_PATHS = (
					"$(inherited)",
					"@executable_path/Frameworks",
				);
				MARKETING_VERSION = 1.0;
				PRODUCT_BUNDLE_IDENTIFIER = com.TheMovieDB;
				PRODUCT_NAME = "$(TARGET_NAME)";
				SWIFT_EMIT_LOC_STRINGS = YES;
				SWIFT_OPTIMIZATION_LEVEL = "-Onone";
				SWIFT_VERSION = 6.0;
				TARGETED_DEVICE_FAMILY = "1,2";
			};
			name = Debug;
		};
		18F809242CA37BBD0094D58F /* Release */ = {
			isa = XCBuildConfiguration;
			buildSettings = {
				ASSETCATALOG_COMPILER_APPICON_NAME = AppIcon;
				ASSETCATALOG_COMPILER_GLOBAL_ACCENT_COLOR_NAME = AccentColor;
				CLANG_ENABLE_MODULES = YES;
				CODE_SIGN_STYLE = Automatic;
				CURRENT_PROJECT_VERSION = 1;
				DEVELOPMENT_TEAM = J58ZDFPQ77;
				GENERATE_INFOPLIST_FILE = YES;
				INFOPLIST_FILE = TheMovieDB/Info.plist;
				INFOPLIST_KEY_UIApplicationSupportsIndirectInputEvents = YES;
				INFOPLIST_KEY_UILaunchStoryboardName = LaunchScreen;
				INFOPLIST_KEY_UIMainStoryboardFile = Main;
				INFOPLIST_KEY_UISupportedInterfaceOrientations_iPad = "UIInterfaceOrientationPortrait UIInterfaceOrientationPortraitUpsideDown UIInterfaceOrientationLandscapeLeft UIInterfaceOrientationLandscapeRight";
				INFOPLIST_KEY_UISupportedInterfaceOrientations_iPhone = "UIInterfaceOrientationPortrait UIInterfaceOrientationLandscapeLeft UIInterfaceOrientationLandscapeRight";
				LD_RUNPATH_SEARCH_PATHS = (
					"$(inherited)",
					"@executable_path/Frameworks",
				);
				MARKETING_VERSION = 1.0;
				PRODUCT_BUNDLE_IDENTIFIER = com.TheMovieDB;
				PRODUCT_NAME = "$(TARGET_NAME)";
				SWIFT_EMIT_LOC_STRINGS = YES;
				SWIFT_VERSION = 6.0;
				TARGETED_DEVICE_FAMILY = "1,2";
			};
			name = Release;
		};
		18F809252CA37BBD0094D58F /* Debug */ = {
			isa = XCBuildConfiguration;
			buildSettings = {
				ALWAYS_SEARCH_USER_PATHS = NO;
				ASSETCATALOG_COMPILER_GENERATE_SWIFT_ASSET_SYMBOL_EXTENSIONS = YES;
				CLANG_ANALYZER_NONNULL = YES;
				CLANG_ANALYZER_NUMBER_OBJECT_CONVERSION = YES_AGGRESSIVE;
				CLANG_CXX_LANGUAGE_STANDARD = "gnu++20";
				CLANG_ENABLE_MODULES = YES;
				CLANG_ENABLE_OBJC_ARC = YES;
				CLANG_ENABLE_OBJC_WEAK = YES;
				CLANG_WARN_BLOCK_CAPTURE_AUTORELEASING = YES;
				CLANG_WARN_BOOL_CONVERSION = YES;
				CLANG_WARN_COMMA = YES;
				CLANG_WARN_CONSTANT_CONVERSION = YES;
				CLANG_WARN_DEPRECATED_OBJC_IMPLEMENTATIONS = YES;
				CLANG_WARN_DIRECT_OBJC_ISA_USAGE = YES_ERROR;
				CLANG_WARN_DOCUMENTATION_COMMENTS = YES;
				CLANG_WARN_EMPTY_BODY = YES;
				CLANG_WARN_ENUM_CONVERSION = YES;
				CLANG_WARN_INFINITE_RECURSION = YES;
				CLANG_WARN_INT_CONVERSION = YES;
				CLANG_WARN_NON_LITERAL_NULL_CONVERSION = YES;
				CLANG_WARN_OBJC_IMPLICIT_RETAIN_SELF = YES;
				CLANG_WARN_OBJC_LITERAL_CONVERSION = YES;
				CLANG_WARN_OBJC_ROOT_CLASS = YES_ERROR;
				CLANG_WARN_QUOTED_INCLUDE_IN_FRAMEWORK_HEADER = YES;
				CLANG_WARN_RANGE_LOOP_ANALYSIS = YES;
				CLANG_WARN_STRICT_PROTOTYPES = YES;
				CLANG_WARN_SUSPICIOUS_MOVE = YES;
				CLANG_WARN_UNGUARDED_AVAILABILITY = YES_AGGRESSIVE;
				CLANG_WARN_UNREACHABLE_CODE = YES;
				CLANG_WARN__DUPLICATE_METHOD_MATCH = YES;
				COPY_PHASE_STRIP = NO;
				DEBUG_INFORMATION_FORMAT = dwarf;
				ENABLE_STRICT_OBJC_MSGSEND = YES;
				ENABLE_TESTABILITY = YES;
				ENABLE_USER_SCRIPT_SANDBOXING = YES;
				GCC_C_LANGUAGE_STANDARD = gnu17;
				GCC_DYNAMIC_NO_PIC = NO;
				GCC_NO_COMMON_BLOCKS = YES;
				GCC_OPTIMIZATION_LEVEL = 0;
				GCC_PREPROCESSOR_DEFINITIONS = (
					"DEBUG=1",
					"$(inherited)",
				);
				GCC_WARN_64_TO_32_BIT_CONVERSION = YES;
				GCC_WARN_ABOUT_RETURN_TYPE = YES_ERROR;
				GCC_WARN_UNDECLARED_SELECTOR = YES;
				GCC_WARN_UNINITIALIZED_AUTOS = YES_AGGRESSIVE;
				GCC_WARN_UNUSED_FUNCTION = YES;
				GCC_WARN_UNUSED_VARIABLE = YES;
				IPHONEOS_DEPLOYMENT_TARGET = 18.0;
				LOCALIZATION_PREFERS_STRING_CATALOGS = YES;
				MTL_ENABLE_DEBUG_INFO = INCLUDE_SOURCE;
				MTL_FAST_MATH = YES;
				ONLY_ACTIVE_ARCH = YES;
				SDKROOT = iphoneos;
			};
			name = Debug;
		};
		18F809262CA37BBD0094D58F /* Release */ = {
			isa = XCBuildConfiguration;
			buildSettings = {
				ALWAYS_SEARCH_USER_PATHS = NO;
				ASSETCATALOG_COMPILER_GENERATE_SWIFT_ASSET_SYMBOL_EXTENSIONS = YES;
				CLANG_ANALYZER_NONNULL = YES;
				CLANG_ANALYZER_NUMBER_OBJECT_CONVERSION = YES_AGGRESSIVE;
				CLANG_CXX_LANGUAGE_STANDARD = "gnu++20";
				CLANG_ENABLE_MODULES = YES;
				CLANG_ENABLE_OBJC_ARC = YES;
				CLANG_ENABLE_OBJC_WEAK = YES;
				CLANG_WARN_BLOCK_CAPTURE_AUTORELEASING = YES;
				CLANG_WARN_BOOL_CONVERSION = YES;
				CLANG_WARN_COMMA = YES;
				CLANG_WARN_CONSTANT_CONVERSION = YES;
				CLANG_WARN_DEPRECATED_OBJC_IMPLEMENTATIONS = YES;
				CLANG_WARN_DIRECT_OBJC_ISA_USAGE = YES_ERROR;
				CLANG_WARN_DOCUMENTATION_COMMENTS = YES;
				CLANG_WARN_EMPTY_BODY = YES;
				CLANG_WARN_ENUM_CONVERSION = YES;
				CLANG_WARN_INFINITE_RECURSION = YES;
				CLANG_WARN_INT_CONVERSION = YES;
				CLANG_WARN_NON_LITERAL_NULL_CONVERSION = YES;
				CLANG_WARN_OBJC_IMPLICIT_RETAIN_SELF = YES;
				CLANG_WARN_OBJC_LITERAL_CONVERSION = YES;
				CLANG_WARN_OBJC_ROOT_CLASS = YES_ERROR;
				CLANG_WARN_QUOTED_INCLUDE_IN_FRAMEWORK_HEADER = YES;
				CLANG_WARN_RANGE_LOOP_ANALYSIS = YES;
				CLANG_WARN_STRICT_PROTOTYPES = YES;
				CLANG_WARN_SUSPICIOUS_MOVE = YES;
				CLANG_WARN_UNGUARDED_AVAILABILITY = YES_AGGRESSIVE;
				CLANG_WARN_UNREACHABLE_CODE = YES;
				CLANG_WARN__DUPLICATE_METHOD_MATCH = YES;
				COPY_PHASE_STRIP = NO;
				DEBUG_INFORMATION_FORMAT = "dwarf-with-dsym";
				ENABLE_NS_ASSERTIONS = NO;
				ENABLE_STRICT_OBJC_MSGSEND = YES;
				ENABLE_USER_SCRIPT_SANDBOXING = YES;
				GCC_C_LANGUAGE_STANDARD = gnu17;
				GCC_NO_COMMON_BLOCKS = YES;
				GCC_WARN_64_TO_32_BIT_CONVERSION = YES;
				GCC_WARN_ABOUT_RETURN_TYPE = YES_ERROR;
				GCC_WARN_UNDECLARED_SELECTOR = YES;
				GCC_WARN_UNINITIALIZED_AUTOS = YES_AGGRESSIVE;
				GCC_WARN_UNUSED_FUNCTION = YES;
				GCC_WARN_UNUSED_VARIABLE = YES;
				IPHONEOS_DEPLOYMENT_TARGET = 18.0;
				LOCALIZATION_PREFERS_STRING_CATALOGS = YES;
				MTL_ENABLE_DEBUG_INFO = NO;
				MTL_FAST_MATH = YES;
				SDKROOT = iphoneos;
				VALIDATE_PRODUCT = YES;
			};
			name = Release;
		};
		18F809282CA37BBD0094D58F /* Debug */ = {
			isa = XCBuildConfiguration;
			buildSettings = {
				BUNDLE_LOADER = "$(TEST_HOST)";
				CODE_SIGN_STYLE = Automatic;
				CURRENT_PROJECT_VERSION = 1;
				DEVELOPMENT_TEAM = J58ZDFPQ77;
				GENERATE_INFOPLIST_FILE = YES;
				IPHONEOS_DEPLOYMENT_TARGET = 18.0;
				MARKETING_VERSION = 1.0;
				PRODUCT_BUNDLE_IDENTIFIER = com.TheMovieDBTests;
				PRODUCT_NAME = "$(TARGET_NAME)";
				SWIFT_EMIT_LOC_STRINGS = NO;
				TARGETED_DEVICE_FAMILY = "1,2";
				TEST_HOST = "$(BUILT_PRODUCTS_DIR)/TheMovieDB.app/$(BUNDLE_EXECUTABLE_FOLDER_PATH)/TheMovieDB";
			};
			name = Debug;
		};
		18F809292CA37BBD0094D58F /* Release */ = {
			isa = XCBuildConfiguration;
			buildSettings = {
				BUNDLE_LOADER = "$(TEST_HOST)";
				CODE_SIGN_STYLE = Automatic;
				CURRENT_PROJECT_VERSION = 1;
				DEVELOPMENT_TEAM = J58ZDFPQ77;
				GENERATE_INFOPLIST_FILE = YES;
				IPHONEOS_DEPLOYMENT_TARGET = 18.0;
				MARKETING_VERSION = 1.0;
				PRODUCT_BUNDLE_IDENTIFIER = com.TheMovieDBTests;
				PRODUCT_NAME = "$(TARGET_NAME)";
				SWIFT_EMIT_LOC_STRINGS = NO;
				TARGETED_DEVICE_FAMILY = "1,2";
				TEST_HOST = "$(BUILT_PRODUCTS_DIR)/TheMovieDB.app/$(BUNDLE_EXECUTABLE_FOLDER_PATH)/TheMovieDB";
			};
			name = Release;
		};
		18F8092B2CA37BBD0094D58F /* Debug */ = {
			isa = XCBuildConfiguration;
			buildSettings = {
				CODE_SIGN_STYLE = Automatic;
				CURRENT_PROJECT_VERSION = 1;
				DEVELOPMENT_TEAM = J58ZDFPQ77;
				GENERATE_INFOPLIST_FILE = YES;
				MARKETING_VERSION = 1.0;
				PRODUCT_BUNDLE_IDENTIFIER = com.TheMovieDBUITests;
				PRODUCT_NAME = "$(TARGET_NAME)";
				SWIFT_EMIT_LOC_STRINGS = NO;
				TARGETED_DEVICE_FAMILY = "1,2";
				TEST_TARGET_NAME = TheMovieDB;
			};
			name = Debug;
		};
		18F8092C2CA37BBD0094D58F /* Release */ = {
			isa = XCBuildConfiguration;
			buildSettings = {
				CODE_SIGN_STYLE = Automatic;
				CURRENT_PROJECT_VERSION = 1;
				DEVELOPMENT_TEAM = J58ZDFPQ77;
				GENERATE_INFOPLIST_FILE = YES;
				MARKETING_VERSION = 1.0;
				PRODUCT_BUNDLE_IDENTIFIER = com.TheMovieDBUITests;
				PRODUCT_NAME = "$(TARGET_NAME)";
				SWIFT_EMIT_LOC_STRINGS = NO;
				TARGETED_DEVICE_FAMILY = "1,2";
				TEST_TARGET_NAME = TheMovieDB;
			};
			name = Release;
		};
/* End XCBuildConfiguration section */

/* Begin XCConfigurationList section */
		18F808EF2CA37BBC0094D58F /* Build configuration list for PBXProject "TheMovieDB" */ = {
			isa = XCConfigurationList;
			buildConfigurations = (
				18F809252CA37BBD0094D58F /* Debug */,
				18F809262CA37BBD0094D58F /* Release */,
			);
			defaultConfigurationIsVisible = 0;
			defaultConfigurationName = Release;
		};
		18F809222CA37BBD0094D58F /* Build configuration list for PBXNativeTarget "TheMovieDB" */ = {
			isa = XCConfigurationList;
			buildConfigurations = (
				18F809232CA37BBD0094D58F /* Debug */,
				18F809242CA37BBD0094D58F /* Release */,
			);
			defaultConfigurationIsVisible = 0;
			defaultConfigurationName = Release;
		};
		18F809272CA37BBD0094D58F /* Build configuration list for PBXNativeTarget "TheMovieDBTests" */ = {
			isa = XCConfigurationList;
			buildConfigurations = (
				18F809282CA37BBD0094D58F /* Debug */,
				18F809292CA37BBD0094D58F /* Release */,
			);
			defaultConfigurationIsVisible = 0;
			defaultConfigurationName = Release;
		};
		18F8092A2CA37BBD0094D58F /* Build configuration list for PBXNativeTarget "TheMovieDBUITests" */ = {
			isa = XCConfigurationList;
			buildConfigurations = (
				18F8092B2CA37BBD0094D58F /* Debug */,
				18F8092C2CA37BBD0094D58F /* Release */,
			);
			defaultConfigurationIsVisible = 0;
			defaultConfigurationName = Release;
		};
/* End XCConfigurationList section */
	};
	rootObject = 18F808EC2CA37BBC0094D58F /* Project object */;
}
